
Microsoft Visual Studio Solution File, Format Version 12.00
# Visual Studio Version 17
VisualStudioVersion = 17.5.33414.496
MinimumVisualStudioVersion = 10.0.40219.1
Project("{FAE04EC0-301F-11D3-BF4B-00C04F79EFBC}") = "Phase2ServerTerminal", "Phase2ServerTerminal\Phase2ServerTerminal.csproj", "{57CDA2C9-A2EE-41CB-AE39-B337BF10E375}"
EndProject
Global
	GlobalSection(SolutionConfigurationPlatforms) = preSolution
		Debug|Any CPU = Debug|Any CPU
		Release|Any CPU = Release|Any CPU
	EndGlobalSection
	GlobalSection(ProjectConfigurationPlatforms) = postSolution
		{57CDA2C9-A2EE-41CB-AE39-B337BF10E375}.Debug|Any CPU.ActiveCfg = Debug|Any CPU
		{57CDA2C9-A2EE-41CB-AE39-B337BF10E375}.Debug|Any CPU.Build.0 = Debug|Any CPU
		{57CDA2C9-A2EE-41CB-AE39-B337BF10E375}.Release|Any CPU.ActiveCfg = Release|Any CPU
		{57CDA2C9-A2EE-41CB-AE39-B337BF10E375}.Release|Any CPU.Build.0 = Release|Any CPU
	EndGlobalSection
	GlobalSection(SolutionProperties) = preSolution
		HideSolutionNode = FALSE
	EndGlobalSection
	GlobalSection(ExtensibilityGlobals) = postSolution
		SolutionGuid = {C57C93FE-70D7-4893-A410-6222BEE324FE}
	EndGlobalSection
EndGlobal
